
Microsoft Visual Studio Solution File, Format Version 12.00
# Visual Studio Version 16
VisualStudioVersion = 16.0.29709.97
MinimumVisualStudioVersion = 10.0.40219.1
Project("{2150E333-8FDC-42A3-9474-1A3956D46DE8}") = "src", "src", "{4A38AB36-9EB2-433E-ADD2-4EE75CE96673}"
EndProject
Project("{2150E333-8FDC-42A3-9474-1A3956D46DE8}") = "test", "test", "{C716868E-A5D4-44C7-A58A-395ACAFC733E}"
EndProject
Project("{FAE04EC0-301F-11D3-BF4B-00C04F79EFBC}") = "VisualStudioExtension", "src\VisualStudioExtension\VisualStudioExtension.csproj", "{242CA1CB-F61B-4C14-B422-ACF8D6B49DB9}"
EndProject
Project("{FAE04EC0-301F-11D3-BF4B-00C04F79EFBC}") = "Server", "src\Server\Server.csproj", "{8CCE80E5-E935-4016-8918-EE72FF190025}"
EndProject
Project("{FAE04EC0-301F-11D3-BF4B-00C04F79EFBC}") = "Server.Test", "test\Server.Test\Server.Test.csproj", "{969E4968-93FF-4099-9FB3-354237BC9B37}"
EndProject
Project("{FAE04EC0-301F-11D3-BF4B-00C04F79EFBC}") = "ServerProxy", "src\ServerProxy\ServerProxy.csproj", "{06178E8D-871A-4BE4-87B8-942FA739DA24}"
EndProject
Project("{9A19103F-16F7-4668-BE54-9A1E7A4F7556}") = "Sandbox", "test\Sandbox\Sandbox.csproj", "{F97FFB17-880B-445E-BCDC-329C985FBBE7}"
EndProject
Project("{9A19103F-16F7-4668-BE54-9A1E7A4F7556}") = "CodeAnalysis", "src\CodeAnalysis\CodeAnalysis.csproj", "{ECBF74DD-30F7-4AB2-8DF0-A52E882EB982}"
EndProject
Project("{FAE04EC0-301F-11D3-BF4B-00C04F79EFBC}") = "RhetosTestAppConcepts", "test\RhetosTestAppConcepts\RhetosTestAppConcepts.csproj", "{C058ACEC-8A53-40CA-A0A8-67C55A676BDB}"
EndProject
Project("{FAE04EC0-301F-11D3-BF4B-00C04F79EFBC}") = "RhetosTestApp", "test\RhetosTestApp\RhetosTestApp.csproj", "{627F9B39-6EE6-4443-8DAF-93CE154A9AA6}"
EndProject
Global
	GlobalSection(SolutionConfigurationPlatforms) = preSolution
		Debug|Any CPU = Debug|Any CPU
		Release|Any CPU = Release|Any CPU
	EndGlobalSection
	GlobalSection(ProjectConfigurationPlatforms) = postSolution
		{242CA1CB-F61B-4C14-B422-ACF8D6B49DB9}.Debug|Any CPU.ActiveCfg = Debug|Any CPU
		{242CA1CB-F61B-4C14-B422-ACF8D6B49DB9}.Debug|Any CPU.Build.0 = Debug|Any CPU
		{242CA1CB-F61B-4C14-B422-ACF8D6B49DB9}.Release|Any CPU.ActiveCfg = Release|Any CPU
		{242CA1CB-F61B-4C14-B422-ACF8D6B49DB9}.Release|Any CPU.Build.0 = Release|Any CPU
		{8CCE80E5-E935-4016-8918-EE72FF190025}.Debug|Any CPU.ActiveCfg = Debug|Any CPU
		{8CCE80E5-E935-4016-8918-EE72FF190025}.Debug|Any CPU.Build.0 = Debug|Any CPU
		{8CCE80E5-E935-4016-8918-EE72FF190025}.Release|Any CPU.ActiveCfg = Release|Any CPU
		{8CCE80E5-E935-4016-8918-EE72FF190025}.Release|Any CPU.Build.0 = Release|Any CPU
		{969E4968-93FF-4099-9FB3-354237BC9B37}.Debug|Any CPU.ActiveCfg = Debug|Any CPU
		{969E4968-93FF-4099-9FB3-354237BC9B37}.Debug|Any CPU.Build.0 = Debug|Any CPU
		{969E4968-93FF-4099-9FB3-354237BC9B37}.Release|Any CPU.ActiveCfg = Release|Any CPU
		{969E4968-93FF-4099-9FB3-354237BC9B37}.Release|Any CPU.Build.0 = Release|Any CPU
		{06178E8D-871A-4BE4-87B8-942FA739DA24}.Debug|Any CPU.ActiveCfg = Debug|Any CPU
		{06178E8D-871A-4BE4-87B8-942FA739DA24}.Debug|Any CPU.Build.0 = Debug|Any CPU
		{06178E8D-871A-4BE4-87B8-942FA739DA24}.Release|Any CPU.ActiveCfg = Release|Any CPU
		{06178E8D-871A-4BE4-87B8-942FA739DA24}.Release|Any CPU.Build.0 = Release|Any CPU
		{F97FFB17-880B-445E-BCDC-329C985FBBE7}.Debug|Any CPU.ActiveCfg = Debug|Any CPU
		{F97FFB17-880B-445E-BCDC-329C985FBBE7}.Debug|Any CPU.Build.0 = Debug|Any CPU
		{F97FFB17-880B-445E-BCDC-329C985FBBE7}.Release|Any CPU.ActiveCfg = Release|Any CPU
		{F97FFB17-880B-445E-BCDC-329C985FBBE7}.Release|Any CPU.Build.0 = Release|Any CPU
		{ECBF74DD-30F7-4AB2-8DF0-A52E882EB982}.Debug|Any CPU.ActiveCfg = Debug|Any CPU
		{ECBF74DD-30F7-4AB2-8DF0-A52E882EB982}.Debug|Any CPU.Build.0 = Debug|Any CPU
		{ECBF74DD-30F7-4AB2-8DF0-A52E882EB982}.Release|Any CPU.ActiveCfg = Release|Any CPU
		{ECBF74DD-30F7-4AB2-8DF0-A52E882EB982}.Release|Any CPU.Build.0 = Release|Any CPU
		{C058ACEC-8A53-40CA-A0A8-67C55A676BDB}.Debug|Any CPU.ActiveCfg = Debug|Any CPU
		{C058ACEC-8A53-40CA-A0A8-67C55A676BDB}.Debug|Any CPU.Build.0 = Debug|Any CPU
		{C058ACEC-8A53-40CA-A0A8-67C55A676BDB}.Release|Any CPU.ActiveCfg = Release|Any CPU
		{C058ACEC-8A53-40CA-A0A8-67C55A676BDB}.Release|Any CPU.Build.0 = Release|Any CPU
		{627F9B39-6EE6-4443-8DAF-93CE154A9AA6}.Debug|Any CPU.ActiveCfg = Debug|Any CPU
		{627F9B39-6EE6-4443-8DAF-93CE154A9AA6}.Debug|Any CPU.Build.0 = Debug|Any CPU
		{627F9B39-6EE6-4443-8DAF-93CE154A9AA6}.Release|Any CPU.ActiveCfg = Release|Any CPU
		{627F9B39-6EE6-4443-8DAF-93CE154A9AA6}.Release|Any CPU.Build.0 = Release|Any CPU
	EndGlobalSection
	GlobalSection(SolutionProperties) = preSolution
		HideSolutionNode = FALSE
	EndGlobalSection
	GlobalSection(NestedProjects) = preSolution
		{242CA1CB-F61B-4C14-B422-ACF8D6B49DB9} = {4A38AB36-9EB2-433E-ADD2-4EE75CE96673}
		{8CCE80E5-E935-4016-8918-EE72FF190025} = {4A38AB36-9EB2-433E-ADD2-4EE75CE96673}
		{969E4968-93FF-4099-9FB3-354237BC9B37} = {C716868E-A5D4-44C7-A58A-395ACAFC733E}
		{06178E8D-871A-4BE4-87B8-942FA739DA24} = {4A38AB36-9EB2-433E-ADD2-4EE75CE96673}
		{F97FFB17-880B-445E-BCDC-329C985FBBE7} = {C716868E-A5D4-44C7-A58A-395ACAFC733E}
		{ECBF74DD-30F7-4AB2-8DF0-A52E882EB982} = {4A38AB36-9EB2-433E-ADD2-4EE75CE96673}
		{C058ACEC-8A53-40CA-A0A8-67C55A676BDB} = {C716868E-A5D4-44C7-A58A-395ACAFC733E}
		{627F9B39-6EE6-4443-8DAF-93CE154A9AA6} = {C716868E-A5D4-44C7-A58A-395ACAFC733E}
	EndGlobalSection
	GlobalSection(ExtensibilityGlobals) = postSolution
		SolutionGuid = {CBA9BC49-E4BD-4C94-BA69-AA6916D7AB1A}
	EndGlobalSection
EndGlobal
